
Microsoft Visual Studio Solution File, Format Version 12.00
# Visual Studio Version 17
VisualStudioVersion = 17.5.002.0
MinimumVisualStudioVersion = 10.0.40219.1
Project("{2150E333-8FDC-42A3-9474-1A3956D46DE8}") = "unity_code_findings", "unity_code_findings", "{0045A2F9-A00A-400D-A7E7-B11FDD9683AB}"
EndProject
Project("{9A19103F-16F7-4668-BE54-9A1E7A4F7556}") = "Transcription", "unity_code_findings\Transcription\Transcription.csproj", "{D1A18D1F-4764-43CC-990E-541C4F2ABD98}"
EndProject
Global
	GlobalSection(SolutionConfigurationPlatforms) = preSolution
		Debug|Any CPU = Debug|Any CPU
		Release|Any CPU = Release|Any CPU
	EndGlobalSection
	GlobalSection(ProjectConfigurationPlatforms) = postSolution
		{D1A18D1F-4764-43CC-990E-541C4F2ABD98}.Debug|Any CPU.ActiveCfg = Debug|Any CPU
		{D1A18D1F-4764-43CC-990E-541C4F2ABD98}.Debug|Any CPU.Build.0 = Debug|Any CPU
		{D1A18D1F-4764-43CC-990E-541C4F2ABD98}.Release|Any CPU.ActiveCfg = Release|Any CPU
		{D1A18D1F-4764-43CC-990E-541C4F2ABD98}.Release|Any CPU.Build.0 = Release|Any CPU
	EndGlobalSection
	GlobalSection(SolutionProperties) = preSolution
		HideSolutionNode = FALSE
	EndGlobalSection
	GlobalSection(NestedProjects) = preSolution
		{D1A18D1F-4764-43CC-990E-541C4F2ABD98} = {0045A2F9-A00A-400D-A7E7-B11FDD9683AB}
	EndGlobalSection
	GlobalSection(ExtensibilityGlobals) = postSolution
		SolutionGuid = {8CD4BB34-661C-446A-826E-4F7865DE24BB}
	EndGlobalSection
EndGlobal
